{
  "name": "ks-ai-insert-table-check",
  "version": "1.2.1",
  "lockfileVersion": 3,
  "requires": true,
  "packages": {
    "": {
      "name": "ks-ai-insert-table-check",
      "version": "1.2.1",
      "dependencies": {
        "pattern-collector-base-files": "^1.3.1"
      },
      "bin": {
        "ks-ai-insert-table-check": "bin/cli.js"
      }
    },
    "node_modules/pattern-collector-base-files": {
      "version": "1.3.1",
      "resolved": "https://registry.npmjs.org/pattern-collector-base-files/-/pattern-collector-base-files-1.3.1.tgz",
      "integrity": "sha512-nPnxdgol2zymGzmMGIf+2JV67SexjPdVvFaQk5BpetmWxC+AGfXQHbts+c6ET38fH7W0U5171DVFjpWTTkHP9g=="
    }
  }
}
